
Microsoft Visual Studio Solution File, Format Version 12.00
# Visual Studio Version 16
VisualStudioVersion = 16.0.30128.74
MinimumVisualStudioVersion = 10.0.40219.1
Project("{9A19103F-16F7-4668-BE54-9A1E7A4F7556}") = "FeatureDBPortal.Server", "Server\FeatureDBPortal.Server.csproj", "{6910F77F-2A56-4093-882D-56240BE8996D}"
EndProject
Project("{9A19103F-16F7-4668-BE54-9A1E7A4F7556}") = "FeatureDBPortal.Client", "Client\FeatureDBPortal.Client.csproj", "{F34A6B87-090E-4854-8A3F-F2AACF3BF378}"
EndProject
Project("{9A19103F-16F7-4668-BE54-9A1E7A4F7556}") = "FeatureDBPortal.Shared", "Shared\FeatureDBPortal.Shared.csproj", "{2B85B33C-1A46-4128-819E-6509E7D71458}"
EndProject
Project("{2150E333-8FDC-42A3-9474-1A3956D46DE8}") = "Solution Items", "Solution Items", "{F389ABDD-1608-44FE-98A7-0A145A376ECE}"
	ProjectSection(SolutionItems) = preProject
		.gitignore = .gitignore
		gitversion.yml = gitversion.yml
		assets\grouping-class-diagram.jpg = assets\grouping-class-diagram.jpg
		README.md = README.md
	EndProjectSection
EndProject
Project("{2150E333-8FDC-42A3-9474-1A3956D46DE8}") = "Tests", "Tests", "{5D16462E-19B9-4DC5-B44A-A2A5AAF6AA94}"
EndProject
Project("{9A19103F-16F7-4668-BE54-9A1E7A4F7556}") = "FeatureDBPortal.Server.Tests", "FeatureDBPortal.Server.Tests\FeatureDBPortal.Server.Tests.csproj", "{8329F62A-1161-436A-8442-8257FEC31408}"
EndProject
Project("{2150E333-8FDC-42A3-9474-1A3956D46DE8}") = "assets", "assets", "{4EA20911-CB77-48F1-A763-E4451AD32AF9}"
	ProjectSection(SolutionItems) = preProject
		assets\grouping-class-diagram.jpg = assets\grouping-class-diagram.jpg
	EndProjectSection
EndProject
Global
	GlobalSection(SolutionConfigurationPlatforms) = preSolution
		Debug|Any CPU = Debug|Any CPU
		Release|Any CPU = Release|Any CPU
	EndGlobalSection
	GlobalSection(ProjectConfigurationPlatforms) = postSolution
		{6910F77F-2A56-4093-882D-56240BE8996D}.Debug|Any CPU.ActiveCfg = Debug|Any CPU
		{6910F77F-2A56-4093-882D-56240BE8996D}.Debug|Any CPU.Build.0 = Debug|Any CPU
		{6910F77F-2A56-4093-882D-56240BE8996D}.Release|Any CPU.ActiveCfg = Release|Any CPU
		{6910F77F-2A56-4093-882D-56240BE8996D}.Release|Any CPU.Build.0 = Release|Any CPU
		{F34A6B87-090E-4854-8A3F-F2AACF3BF378}.Debug|Any CPU.ActiveCfg = Debug|Any CPU
		{F34A6B87-090E-4854-8A3F-F2AACF3BF378}.Debug|Any CPU.Build.0 = Debug|Any CPU
		{F34A6B87-090E-4854-8A3F-F2AACF3BF378}.Release|Any CPU.ActiveCfg = Release|Any CPU
		{F34A6B87-090E-4854-8A3F-F2AACF3BF378}.Release|Any CPU.Build.0 = Release|Any CPU
		{2B85B33C-1A46-4128-819E-6509E7D71458}.Debug|Any CPU.ActiveCfg = Debug|Any CPU
		{2B85B33C-1A46-4128-819E-6509E7D71458}.Debug|Any CPU.Build.0 = Debug|Any CPU
		{2B85B33C-1A46-4128-819E-6509E7D71458}.Release|Any CPU.ActiveCfg = Release|Any CPU
		{2B85B33C-1A46-4128-819E-6509E7D71458}.Release|Any CPU.Build.0 = Release|Any CPU
		{8329F62A-1161-436A-8442-8257FEC31408}.Debug|Any CPU.ActiveCfg = Debug|Any CPU
		{8329F62A-1161-436A-8442-8257FEC31408}.Debug|Any CPU.Build.0 = Debug|Any CPU
		{8329F62A-1161-436A-8442-8257FEC31408}.Release|Any CPU.ActiveCfg = Release|Any CPU
		{8329F62A-1161-436A-8442-8257FEC31408}.Release|Any CPU.Build.0 = Release|Any CPU
	EndGlobalSection
	GlobalSection(SolutionProperties) = preSolution
		HideSolutionNode = FALSE
	EndGlobalSection
	GlobalSection(NestedProjects) = preSolution
		{8329F62A-1161-436A-8442-8257FEC31408} = {5D16462E-19B9-4DC5-B44A-A2A5AAF6AA94}
		{4EA20911-CB77-48F1-A763-E4451AD32AF9} = {F389ABDD-1608-44FE-98A7-0A145A376ECE}
	EndGlobalSection
	GlobalSection(ExtensibilityGlobals) = postSolution
		SolutionGuid = {096DA65C-1B31-4211-A9AC-27A325358204}
	EndGlobalSection
EndGlobal
